// !$*UTF8*$!
{
	archiveVersion = 1;
	classes = {
	};
	objectVersion = 46;
	objects = {

/* Begin PBXBuildFile section */
		108CB66D13DB7BE200AD6C02 /* osx_pl2303.h in Headers */ = {isa = PBXBuildFile; fileRef = 1A224C3EFF42367911CA2CB7 /* osx_pl2303.h */; };
		108CB66F13DB7BE200AD6C02 /* InfoPlist.strings in Resources */ = {isa = PBXBuildFile; fileRef = 089C167DFE841241C02AAC07 /* InfoPlist.strings */; };
		108CB67013DB7BE200AD6C02 /* COPYING in Resources */ = {isa = PBXBuildFile; fileRef = 906D8A5709AF0FBC00CAB1B1 /* COPYING */; };
		108CB67213DB7BE200AD6C02 /* osx_pl2303.cpp in Sources */ = {isa = PBXBuildFile; fileRef = 1A224C3FFF42367911CA2CB7 /* osx_pl2303.cpp */; settings = {ATTRIBUTES = (); }; };
		32D94FC60562CBF700B6AF17 /* osx_pl2303.h in Headers */ = {isa = PBXBuildFile; fileRef = 1A224C3EFF42367911CA2CB7 /* osx_pl2303.h */; };
		32D94FC80562CBF700B6AF17 /* InfoPlist.strings in Resources */ = {isa = PBXBuildFile; fileRef = 089C167DFE841241C02AAC07 /* InfoPlist.strings */; };
		32D94FCA0562CBF700B6AF17 /* osx_pl2303.cpp in Sources */ = {isa = PBXBuildFile; fileRef = 1A224C3FFF42367911CA2CB7 /* osx_pl2303.cpp */; settings = {ATTRIBUTES = (); }; };
		86D61F3B112ADA40006B2103 /* osx_pl2303.h in Headers */ = {isa = PBXBuildFile; fileRef = 1A224C3EFF42367911CA2CB7 /* osx_pl2303.h */; };
		86D61F3D112ADA40006B2103 /* InfoPlist.strings in Resources */ = {isa = PBXBuildFile; fileRef = 089C167DFE841241C02AAC07 /* InfoPlist.strings */; };
		86D61F3E112ADA40006B2103 /* COPYING in Resources */ = {isa = PBXBuildFile; fileRef = 906D8A5709AF0FBC00CAB1B1 /* COPYING */; };
		86D61F40112ADA40006B2103 /* osx_pl2303.cpp in Sources */ = {isa = PBXBuildFile; fileRef = 1A224C3FFF42367911CA2CB7 /* osx_pl2303.cpp */; settings = {ATTRIBUTES = (); }; };
		906D8A5809AF0FBC00CAB1B1 /* COPYING in Resources */ = {isa = PBXBuildFile; fileRef = 906D8A5709AF0FBC00CAB1B1 /* COPYING */; };
/* End PBXBuildFile section */

/* Begin PBXFileReference section */
		089C167EFE841241C02AAC07 /* English */ = {isa = PBXFileReference; fileEncoding = 10; lastKnownFileType = text.plist.strings; name = English; path = English.lproj/InfoPlist.strings; sourceTree = "<group>"; };
		108CB67A13DB7BE200AD6C02 /* osx-pl2303.kext */ = {isa = PBXFileReference; explicitFileType = wrapper.cfbundle; includeInIndex = 0; path = "osx-pl2303.kext"; sourceTree = BUILT_PRODUCTS_DIR; };
		1A224C3EFF42367911CA2CB7 /* osx_pl2303.h */ = {isa = PBXFileReference; fileEncoding = 4; lastKnownFileType = sourcecode.c.h; path = osx_pl2303.h; sourceTree = "<group>"; };
		1A224C3FFF42367911CA2CB7 /* osx_pl2303.cpp */ = {isa = PBXFileReference; fileEncoding = 4; lastKnownFileType = sourcecode.cpp.cpp; path = osx_pl2303.cpp; sourceTree = "<group>"; };
		32D94FCF0562CBF700B6AF17 /* Info.plist */ = {isa = PBXFileReference; lastKnownFileType = text.plist.xml; path = Info.plist; sourceTree = "<group>"; };
		32D94FD00562CBF700B6AF17 /* osx-pl2303.kext */ = {isa = PBXFileReference; explicitFileType = wrapper.cfbundle; includeInIndex = 0; path = "osx-pl2303.kext"; sourceTree = BUILT_PRODUCTS_DIR; };
		86D61F47112ADA40006B2103 /* osx-pl2303.kext */ = {isa = PBXFileReference; explicitFileType = wrapper.cfbundle; includeInIndex = 0; path = "osx-pl2303.kext"; sourceTree = BUILT_PRODUCTS_DIR; };
		8DA8362C06AD9B9200E5AC22 /* Kernel.framework */ = {isa = PBXFileReference; lastKnownFileType = wrapper.framework; name = Kernel.framework; path = /System/Library/Frameworks/Kernel.framework; sourceTree = "<absolute>"; };
		906D8A5709AF0FBC00CAB1B1 /* COPYING */ = {isa = PBXFileReference; fileEncoding = 30; lastKnownFileType = text; path = COPYING; sourceTree = "<group>"; };
/* End PBXFileReference section */

/* Begin PBXFrameworksBuildPhase section */
		108CB67313DB7BE200AD6C02 /* Frameworks */ = {
			isa = PBXFrameworksBuildPhase;
			buildActionMask = 2147483647;
			files = (
			);
			runOnlyForDeploymentPostprocessing = 0;
		};
		32D94FCB0562CBF700B6AF17 /* Frameworks */ = {
			isa = PBXFrameworksBuildPhase;
			buildActionMask = 2147483647;
			files = (
			);
			runOnlyForDeploymentPostprocessing = 0;
		};
		86D61F41112ADA40006B2103 /* Frameworks */ = {
			isa = PBXFrameworksBuildPhase;
			buildActionMask = 2147483647;
			files = (
			);
			runOnlyForDeploymentPostprocessing = 0;
		};
/* End PBXFrameworksBuildPhase section */

/* Begin PBXGroup section */
		089C166AFE841209C02AAC07 /* osx-pl2303 */ = {
			isa = PBXGroup;
			children = (
				906D8A5709AF0FBC00CAB1B1 /* COPYING */,
				247142CAFF3F8F9811CA285C /* Source */,
				8DA8362C06AD9B9200E5AC22 /* Kernel.framework */,
				089C167CFE841241C02AAC07 /* Resources */,
				19C28FB6FE9D52B211CA2CBB /* Products */,
			);
			name = "osx-pl2303";
			sourceTree = "<group>";
		};
		089C167CFE841241C02AAC07 /* Resources */ = {
			isa = PBXGroup;
			children = (
				32D94FCF0562CBF700B6AF17 /* Info.plist */,
				089C167DFE841241C02AAC07 /* InfoPlist.strings */,
			);
			name = Resources;
			sourceTree = "<group>";
		};
		19C28FB6FE9D52B211CA2CBB /* Products */ = {
			isa = PBXGroup;
			children = (
				32D94FD00562CBF700B6AF17 /* osx-pl2303.kext */,
				86D61F47112ADA40006B2103 /* osx-pl2303.kext */,
				108CB67A13DB7BE200AD6C02 /* osx-pl2303.kext */,
			);
			name = Products;
			sourceTree = "<group>";
		};
		247142CAFF3F8F9811CA285C /* Source */ = {
			isa = PBXGroup;
			children = (
				1A224C3EFF42367911CA2CB7 /* osx_pl2303.h */,
				1A224C3FFF42367911CA2CB7 /* osx_pl2303.cpp */,
			);
			name = Source;
			sourceTree = "<group>";
		};
/* End PBXGroup section */

/* Begin PBXHeadersBuildPhase section */
		108CB66C13DB7BE200AD6C02 /* Headers */ = {
			isa = PBXHeadersBuildPhase;
			buildActionMask = 2147483647;
			files = (
				108CB66D13DB7BE200AD6C02 /* osx_pl2303.h in Headers */,
			);
			runOnlyForDeploymentPostprocessing = 0;
		};
		32D94FC50562CBF700B6AF17 /* Headers */ = {
			isa = PBXHeadersBuildPhase;
			buildActionMask = 2147483647;
			files = (
				32D94FC60562CBF700B6AF17 /* osx_pl2303.h in Headers */,
			);
			runOnlyForDeploymentPostprocessing = 0;
		};
		86D61F3A112ADA40006B2103 /* Headers */ = {
			isa = PBXHeadersBuildPhase;
			buildActionMask = 2147483647;
			files = (
				86D61F3B112ADA40006B2103 /* osx_pl2303.h in Headers */,
			);
			runOnlyForDeploymentPostprocessing = 0;
		};
/* End PBXHeadersBuildPhase section */

/* Begin PBXNativeTarget section */
		108CB66B13DB7BE200AD6C02 /* osx-pl2303-10.7-universal */ = {
			isa = PBXNativeTarget;
			buildConfigurationList = 108CB67513DB7BE200AD6C02 /* Build configuration list for PBXNativeTarget "osx-pl2303-10.7-universal" */;
			buildPhases = (
				108CB66C13DB7BE200AD6C02 /* Headers */,
				108CB66E13DB7BE200AD6C02 /* Resources */,
				108CB67113DB7BE200AD6C02 /* Sources */,
				108CB67313DB7BE200AD6C02 /* Frameworks */,
				108CB67413DB7BE200AD6C02 /* Rez */,
			);
			buildRules = (
			);
			dependencies = (
			);
			name = "osx-pl2303-10.7-universal";
			productInstallPath = "$(SYSTEM_LIBRARY_DIR)/Extensions";
			productName = "osx-pl2303";
			productReference = 108CB67A13DB7BE200AD6C02 /* osx-pl2303.kext */;
			productType = "com.apple.product-type.kernel-extension.iokit";
		};
		32D94FC30562CBF700B6AF17 /* osx-pl2303-10.4-universal */ = {
			isa = PBXNativeTarget;
			buildConfigurationList = 1DEB91D908733DB10010E9CD /* Build configuration list for PBXNativeTarget "osx-pl2303-10.4-universal" */;
			buildPhases = (
				32D94FC50562CBF700B6AF17 /* Headers */,
				32D94FC70562CBF700B6AF17 /* Resources */,
				32D94FC90562CBF700B6AF17 /* Sources */,
				32D94FCB0562CBF700B6AF17 /* Frameworks */,
				32D94FCC0562CBF700B6AF17 /* Rez */,
			);
			buildRules = (
			);
			dependencies = (
			);
			name = "osx-pl2303-10.4-universal";
			productInstallPath = "$(SYSTEM_LIBRARY_DIR)/Extensions";
			productName = "osx-pl2303";
			productReference = 32D94FD00562CBF700B6AF17 /* osx-pl2303.kext */;
			productType = "com.apple.product-type.kernel-extension.iokit";
		};
		86D61F39112ADA40006B2103 /* osx-pl2303-10.6-universal */ = {
			isa = PBXNativeTarget;
			buildConfigurationList = 86D61F43112ADA40006B2103 /* Build configuration list for PBXNativeTarget "osx-pl2303-10.6-universal" */;
			buildPhases = (
				86D61F3A112ADA40006B2103 /* Headers */,
				86D61F3C112ADA40006B2103 /* Resources */,
				86D61F3F112ADA40006B2103 /* Sources */,
				86D61F41112ADA40006B2103 /* Frameworks */,
				86D61F42112ADA40006B2103 /* Rez */,
			);
			buildRules = (
			);
			dependencies = (
			);
			name = "osx-pl2303-10.6-universal";
			productInstallPath = "$(SYSTEM_LIBRARY_DIR)/Extensions";
			productName = "osx-pl2303";
			productReference = 86D61F47112ADA40006B2103 /* osx-pl2303.kext */;
			productType = "com.apple.product-type.kernel-extension.iokit";
		};
/* End PBXNativeTarget section */

/* Begin PBXProject section */
		089C1669FE841209C02AAC07 /* Project object */ = {
			isa = PBXProject;
			attributes = {
				LastUpgradeCheck = 0410;
			};
			buildConfigurationList = 1DEB91DD08733DB10010E9CD /* Build configuration list for PBXProject "osx-pl2303" */;
			compatibilityVersion = "Xcode 3.2";
			developmentRegion = English;
			hasScannedForEncodings = 1;
			knownRegions = (
				en,
			);
			mainGroup = 089C166AFE841209C02AAC07 /* osx-pl2303 */;
			projectDirPath = "";
			projectRoot = "";
			targets = (
				108CB66B13DB7BE200AD6C02 /* osx-pl2303-10.7-universal */,
				86D61F39112ADA40006B2103 /* osx-pl2303-10.6-universal */,
				32D94FC30562CBF700B6AF17 /* osx-pl2303-10.4-universal */,
			);
		};
/* End PBXProject section */

/* Begin PBXResourcesBuildPhase section */
		108CB66E13DB7BE200AD6C02 /* Resources */ = {
			isa = PBXResourcesBuildPhase;
			buildActionMask = 2147483647;
			files = (
				108CB66F13DB7BE200AD6C02 /* InfoPlist.strings in Resources */,
				108CB67013DB7BE200AD6C02 /* COPYING in Resources */,
			);
			runOnlyForDeploymentPostprocessing = 0;
		};
		32D94FC70562CBF700B6AF17 /* Resources */ = {
			isa = PBXResourcesBuildPhase;
			buildActionMask = 2147483647;
			files = (
				32D94FC80562CBF700B6AF17 /* InfoPlist.strings in Resources */,
				906D8A5809AF0FBC00CAB1B1 /* COPYING in Resources */,
			);
			runOnlyForDeploymentPostprocessing = 0;
		};
		86D61F3C112ADA40006B2103 /* Resources */ = {
			isa = PBXResourcesBuildPhase;
			buildActionMask = 2147483647;
			files = (
				86D61F3D112ADA40006B2103 /* InfoPlist.strings in Resources */,
				86D61F3E112ADA40006B2103 /* COPYING in Resources */,
			);
			runOnlyForDeploymentPostprocessing = 0;
		};
/* End PBXResourcesBuildPhase section */

/* Begin PBXRezBuildPhase section */
		108CB67413DB7BE200AD6C02 /* Rez */ = {
			isa = PBXRezBuildPhase;
			buildActionMask = 2147483647;
			files = (
			);
			runOnlyForDeploymentPostprocessing = 0;
		};
		32D94FCC0562CBF700B6AF17 /* Rez */ = {
			isa = PBXRezBuildPhase;
			buildActionMask = 2147483647;
			files = (
			);
			runOnlyForDeploymentPostprocessing = 0;
		};
		86D61F42112ADA40006B2103 /* Rez */ = {
			isa = PBXRezBuildPhase;
			buildActionMask = 2147483647;
			files = (
			);
			runOnlyForDeploymentPostprocessing = 0;
		};
/* End PBXRezBuildPhase section */

/* Begin PBXSourcesBuildPhase section */
		108CB67113DB7BE200AD6C02 /* Sources */ = {
			isa = PBXSourcesBuildPhase;
			buildActionMask = 2147483647;
			files = (
				108CB67213DB7BE200AD6C02 /* osx_pl2303.cpp in Sources */,
			);
			runOnlyForDeploymentPostprocessing = 0;
		};
		32D94FC90562CBF700B6AF17 /* Sources */ = {
			isa = PBXSourcesBuildPhase;
			buildActionMask = 2147483647;
			files = (
				32D94FCA0562CBF700B6AF17 /* osx_pl2303.cpp in Sources */,
			);
			runOnlyForDeploymentPostprocessing = 0;
		};
		86D61F3F112ADA40006B2103 /* Sources */ = {
			isa = PBXSourcesBuildPhase;
			buildActionMask = 2147483647;
			files = (
				86D61F40112ADA40006B2103 /* osx_pl2303.cpp in Sources */,
			);
			runOnlyForDeploymentPostprocessing = 0;
		};
/* End PBXSourcesBuildPhase section */

/* Begin PBXVariantGroup section */
		089C167DFE841241C02AAC07 /* InfoPlist.strings */ = {
			isa = PBXVariantGroup;
			children = (
				089C167EFE841241C02AAC07 /* English */,
			);
			name = InfoPlist.strings;
			sourceTree = "<group>";
		};
/* End PBXVariantGroup section */

/* Begin XCBuildConfiguration section */
		108CB67613DB7BE200AD6C02 /* Debug */ = {
			isa = XCBuildConfiguration;
			buildSettings = {
				ARCHS = "$(ARCHS_STANDARD_32_64_BIT)";
				COPY_PHASE_STRIP = NO;
				CURRENT_PROJECT_VERSION = 1.0.0d1;
				GCC_DYNAMIC_NO_PIC = NO;
				GCC_ENABLE_FIX_AND_CONTINUE = YES;
				GCC_MODEL_TUNING = G5;
				GCC_OPTIMIZATION_LEVEL = 0;
				INFOPLIST_FILE = Info.plist;
				INSTALL_PATH = "$(SYSTEM_LIBRARY_DIR)/Extensions";
				MODULE_NAME = nl.bjaelectronics.driver.PL2303;
				MODULE_VERSION = 1.0.0d1;
				PRODUCT_NAME = "osx-pl2303";
				SDKROOT = macosx;
				VALID_ARCHS = "i386 x86_64";
				WRAPPER_EXTENSION = kext;
				ZERO_LINK = YES;
			};
			name = Debug;
		};
		108CB67713DB7BE200AD6C02 /* Release-10.6-universal */ = {
			isa = XCBuildConfiguration;
			buildSettings = {
				ARCHS = "$(ARCHS_STANDARD_32_64_BIT)";
				CURRENT_PROJECT_VERSION = 1.0.0d1;
				GCC_GENERATE_DEBUGGING_SYMBOLS = NO;
				GCC_MODEL_TUNING = G5;
				INFOPLIST_FILE = Info.plist;
				INSTALL_PATH = "$(SYSTEM_LIBRARY_DIR)/Extensions";
				MODULE_NAME = nl.bjaelectronics.driver.PL2303;
				MODULE_VERSION = 1.0.0d1;
				PRODUCT_NAME = "osx-pl2303";
				SDKROOT = macosx;
				VALID_ARCHS = "i386 x86_64";
				WRAPPER_EXTENSION = kext;
			};
			name = "Release-10.6-universal";
		};
		108CB67813DB7BE200AD6C02 /* Release-10.4-universal */ = {
			isa = XCBuildConfiguration;
			buildSettings = {
				ARCHS = "$(ARCHS_STANDARD_32_64_BIT)";
				CURRENT_PROJECT_VERSION = 1.0.0d1;
				GCC_GENERATE_DEBUGGING_SYMBOLS = NO;
				GCC_MODEL_TUNING = G5;
				INFOPLIST_FILE = Info.plist;
				INSTALL_PATH = "$(SYSTEM_LIBRARY_DIR)/Extensions";
				MODULE_NAME = nl.bjaelectronics.driver.PL2303;
				MODULE_VERSION = 1.0.0d1;
				PRODUCT_NAME = "osx-pl2303";
				SDKROOT = macosx;
				VALID_ARCHS = "i386 x86_64";
				WRAPPER_EXTENSION = kext;
			};
			name = "Release-10.4-universal";
		};
		108CB67913DB7BE200AD6C02 /* Release-10.3.9 */ = {
			isa = XCBuildConfiguration;
			buildSettings = {
				ARCHS = "$(ARCHS_STANDARD_32_64_BIT)";
				CURRENT_PROJECT_VERSION = 1.0.0d1;
				GCC_GENERATE_DEBUGGING_SYMBOLS = NO;
				GCC_MODEL_TUNING = G5;
				INFOPLIST_FILE = Info.plist;
				INSTALL_PATH = "$(SYSTEM_LIBRARY_DIR)/Extensions";
				MODULE_NAME = nl.bjaelectronics.driver.PL2303;
				MODULE_VERSION = 1.0.0d1;
				PRODUCT_NAME = "osx-pl2303";
				SDKROOT = macosx;
				VALID_ARCHS = "i386 x86_64";
				WRAPPER_EXTENSION = kext;
			};
			name = "Release-10.3.9";
		};
		108CB67C13DB7F9C00AD6C02 /* Release-10.7-universal */ = {
			isa = XCBuildConfiguration;
			buildSettings = {
				GCC_WARN_ABOUT_RETURN_TYPE = YES;
				GCC_WARN_UNUSED_VARIABLE = YES;
				MACOSX_DEPLOYMENT_TARGET = 10.6;
				SDKROOT = "$(DEVELOPER_SDK_DIR)/MacOSX10.4u.sdk";
			};
			name = "Release-10.7-universal";
		};
		108CB67D13DB7F9C00AD6C02 /* Release-10.7-universal */ = {
			isa = XCBuildConfiguration;
			buildSettings = {
				ARCHS = "$(ARCHS_STANDARD_32_64_BIT)";
				"COPY_PHASE_STRIP[sdk=macosx10.8]" = YES;
				CURRENT_PROJECT_VERSION = 1.0.0d1;
				GCC_GENERATE_DEBUGGING_SYMBOLS = NO;
				GCC_MODEL_TUNING = G5;
				INFOPLIST_FILE = Info.plist;
				INSTALL_PATH = "$(SYSTEM_LIBRARY_DIR)/Extensions";
				MODULE_NAME = nl.bjaelectronics.driver.PL2303;
				MODULE_VERSION = 1.0.0d1;
				PRODUCT_NAME = "osx-pl2303";
				SDKROOT = macosx;
				VALID_ARCHS = "i386 x86_64";
				WRAPPER_EXTENSION = kext;
			};
			name = "Release-10.7-universal";
		};
		108CB67E13DB7F9C00AD6C02 /* Release-10.7-universal */ = {
			isa = XCBuildConfiguration;
			buildSettings = {
				ARCHS = "$(ARCHS_STANDARD_32_64_BIT)";
				CURRENT_PROJECT_VERSION = 1.0.0d1;
				GCC_GENERATE_DEBUGGING_SYMBOLS = NO;
				GCC_MODEL_TUNING = G5;
				INFOPLIST_FILE = Info.plist;
				INSTALL_PATH = "$(SYSTEM_LIBRARY_DIR)/Extensions";
				MODULE_NAME = nl.bjaelectronics.driver.PL2303;
				MODULE_VERSION = 1.0.0d1;
				PRODUCT_NAME = "osx-pl2303";
				SDKROOT = macosx10.6;
				VALID_ARCHS = "i386 x86_64";
				WRAPPER_EXTENSION = kext;
			};
			name = "Release-10.7-universal";
		};
		108CB67F13DB7F9C00AD6C02 /* Release-10.7-universal */ = {
			isa = XCBuildConfiguration;
			buildSettings = {
				ARCHS = (
					ppc,
					i386,
				);
				CURRENT_PROJECT_VERSION = 1.0.0d1;
				GCC_GENERATE_DEBUGGING_SYMBOLS = NO;
				GCC_MODEL_TUNING = G5;
				INFOPLIST_FILE = Info.plist;
				INSTALL_PATH = "$(SYSTEM_LIBRARY_DIR)/Extensions";
				MODULE_NAME = com.yourcompany.driver.osx_pl2303;
				MODULE_VERSION = 1.0.0d1;
				PRODUCT_NAME = "osx-pl2303";
				WRAPPER_EXTENSION = kext;
			};
			name = "Release-10.7-universal";
		};
		1DEB91DA08733DB10010E9CD /* Debug */ = {
			isa = XCBuildConfiguration;
			buildSettings = {
				COPY_PHASE_STRIP = NO;
				CURRENT_PROJECT_VERSION = 1.0.0d1;
				GCC_DYNAMIC_NO_PIC = NO;
				GCC_ENABLE_FIX_AND_CONTINUE = YES;
				GCC_MODEL_TUNING = G5;
				GCC_OPTIMIZATION_LEVEL = 0;
				INFOPLIST_FILE = Info.plist;
				INSTALL_PATH = "$(SYSTEM_LIBRARY_DIR)/Extensions";
				MODULE_NAME = com.yourcompany.driver.osx_pl2303;
				MODULE_VERSION = 1.0.0d1;
				PRODUCT_NAME = "osx-pl2303";
				WRAPPER_EXTENSION = kext;
				ZERO_LINK = YES;
			};
			name = Debug;
		};
		1DEB91DB08733DB10010E9CD /* Release-10.4-universal */ = {
			isa = XCBuildConfiguration;
			buildSettings = {
				ARCHS = (
					ppc,
					i386,
				);
				CURRENT_PROJECT_VERSION = 1.0.0d1;
				GCC_GENERATE_DEBUGGING_SYMBOLS = NO;
				GCC_MODEL_TUNING = G5;
				INFOPLIST_FILE = Info.plist;
				INSTALL_PATH = "$(SYSTEM_LIBRARY_DIR)/Extensions";
				MODULE_NAME = com.yourcompany.driver.osx_pl2303;
				MODULE_VERSION = 1.0.0d1;
				PRODUCT_NAME = "osx-pl2303";
				WRAPPER_EXTENSION = kext;
			};
			name = "Release-10.4-universal";
		};
		1DEB91DE08733DB10010E9CD /* Debug */ = {
			isa = XCBuildConfiguration;
			buildSettings = {
				GCC_WARN_ABOUT_RETURN_TYPE = YES;
				GCC_WARN_UNUSED_VARIABLE = YES;
				MACOSX_DEPLOYMENT_TARGET = 10.4;
				SDKROOT = "$(DEVELOPER_SDK_DIR)/MacOSX10.4u.sdk";
			};
			name = Debug;
		};
		1DEB91DF08733DB10010E9CD /* Release-10.4-universal */ = {
			isa = XCBuildConfiguration;
			buildSettings = {
				GCC_WARN_ABOUT_RETURN_TYPE = YES;
				GCC_WARN_UNUSED_VARIABLE = YES;
				MACOSX_DEPLOYMENT_TARGET = 10.4;
				SDKROOT = "$(DEVELOPER_SDK_DIR)/MacOSX10.4u.sdk";
			};
			name = "Release-10.4-universal";
		};
		86D61F44112ADA40006B2103 /* Debug */ = {
			isa = XCBuildConfiguration;
			buildSettings = {
				ARCHS = "$(ARCHS_STANDARD_32_64_BIT)";
				COPY_PHASE_STRIP = NO;
				CURRENT_PROJECT_VERSION = 1.0.0d1;
				GCC_DYNAMIC_NO_PIC = NO;
				GCC_ENABLE_FIX_AND_CONTINUE = YES;
				GCC_MODEL_TUNING = G5;
				GCC_OPTIMIZATION_LEVEL = 0;
				INFOPLIST_FILE = Info.plist;
				INSTALL_PATH = "$(SYSTEM_LIBRARY_DIR)/Extensions";
				MODULE_NAME = nl.bjaelectronics.driver.PL2303;
				MODULE_VERSION = 1.0.0d1;
				PRODUCT_NAME = "osx-pl2303";
				SDKROOT = macosx10.6;
				VALID_ARCHS = "i386 x86_64";
				WRAPPER_EXTENSION = kext;
				ZERO_LINK = YES;
			};
			name = Debug;
		};
		86D61F45112ADA40006B2103 /* Release-10.4-universal */ = {
			isa = XCBuildConfiguration;
			buildSettings = {
				ARCHS = "$(ARCHS_STANDARD_32_64_BIT)";
				CURRENT_PROJECT_VERSION = 1.0.0d1;
				GCC_GENERATE_DEBUGGING_SYMBOLS = NO;
				GCC_MODEL_TUNING = G5;
				INFOPLIST_FILE = Info.plist;
				INSTALL_PATH = "$(SYSTEM_LIBRARY_DIR)/Extensions";
				MODULE_NAME = nl.bjaelectronics.driver.PL2303;
				MODULE_VERSION = 1.0.0d1;
				PRODUCT_NAME = "osx-pl2303";
				SDKROOT = macosx10.6;
				VALID_ARCHS = "i386 x86_64";
				WRAPPER_EXTENSION = kext;
			};
			name = "Release-10.4-universal";
		};
		86D61F46112ADA40006B2103 /* Release-10.3.9 */ = {
			isa = XCBuildConfiguration;
			buildSettings = {
				ARCHS = "$(ARCHS_STANDARD_32_64_BIT)";
				CURRENT_PROJECT_VERSION = 1.0.0d1;
				GCC_GENERATE_DEBUGGING_SYMBOLS = NO;
				GCC_MODEL_TUNING = G5;
				INFOPLIST_FILE = Info.plist;
				INSTALL_PATH = "$(SYSTEM_LIBRARY_DIR)/Extensions";
				MODULE_NAME = nl.bjaelectronics.driver.PL2303;
				MODULE_VERSION = 1.0.0d1;
				PRODUCT_NAME = "osx-pl2303";
				SDKROOT = macosx10.6;
				VALID_ARCHS = "i386 x86_64";
				WRAPPER_EXTENSION = kext;
			};
			name = "Release-10.3.9";
		};
		86D61F75112ADD8B006B2103 /* Release-10.6-universal */ = {
			isa = XCBuildConfiguration;
			buildSettings = {
				GCC_WARN_ABOUT_RETURN_TYPE = YES;
				GCC_WARN_UNUSED_VARIABLE = YES;
				MACOSX_DEPLOYMENT_TARGET = 10.6;
				SDKROOT = "$(DEVELOPER_SDK_DIR)/MacOSX10.4u.sdk";
			};
			name = "Release-10.6-universal";
		};
		86D61F76112ADD8B006B2103 /* Release-10.6-universal */ = {
			isa = XCBuildConfiguration;
			buildSettings = {
				ARCHS = "$(ARCHS_STANDARD_32_64_BIT)";
				CURRENT_PROJECT_VERSION = 1.0.0d1;
				GCC_GENERATE_DEBUGGING_SYMBOLS = NO;
				GCC_MODEL_TUNING = G5;
				INFOPLIST_FILE = Info.plist;
				INSTALL_PATH = "$(SYSTEM_LIBRARY_DIR)/Extensions";
				MODULE_NAME = nl.bjaelectronics.driver.PL2303;
				MODULE_VERSION = 1.0.0d1;
				PRODUCT_NAME = "osx-pl2303";
				SDKROOT = macosx10.6;
				VALID_ARCHS = "i386 x86_64";
				WRAPPER_EXTENSION = kext;
			};
			name = "Release-10.6-universal";
		};
		86D61F77112ADD8B006B2103 /* Release-10.6-universal */ = {
			isa = XCBuildConfiguration;
			buildSettings = {
				ARCHS = (
					ppc,
					i386,
				);
				CURRENT_PROJECT_VERSION = 1.0.0d1;
				GCC_GENERATE_DEBUGGING_SYMBOLS = NO;
				GCC_MODEL_TUNING = G5;
				INFOPLIST_FILE = Info.plist;
				INSTALL_PATH = "$(SYSTEM_LIBRARY_DIR)/Extensions";
				MODULE_NAME = com.yourcompany.driver.osx_pl2303;
				MODULE_VERSION = 1.0.0d1;
				PRODUCT_NAME = "osx-pl2303";
				WRAPPER_EXTENSION = kext;
			};
			name = "Release-10.6-universal";
		};
		90FB12C70A3AE90D00C1B579 /* Release-10.3.9 */ = {
			isa = XCBuildConfiguration;
			buildSettings = {
				ARCHS = (
					ppc,
					i386,
				);
				CURRENT_PROJECT_VERSION = 1.0.0d1;
				GCC_GENERATE_DEBUGGING_SYMBOLS = NO;
				GCC_MODEL_TUNING = G5;
				INFOPLIST_FILE = Info.plist;
				INSTALL_PATH = "$(SYSTEM_LIBRARY_DIR)/Extensions";
				MODULE_NAME = com.yourcompany.driver.osx_pl2303;
				MODULE_VERSION = 1.0.0d1;
				PRODUCT_NAME = "osx-pl2303";
				WRAPPER_EXTENSION = kext;
			};
			name = "Release-10.3.9";
		};
		90FB12C90A3AE90D00C1B579 /* Release-10.3.9 */ = {
			isa = XCBuildConfiguration;
			buildSettings = {
				GCC_WARN_ABOUT_RETURN_TYPE = YES;
				GCC_WARN_UNUSED_VARIABLE = YES;
				MACOSX_DEPLOYMENT_TARGET = 10.3;
				SDKROOT = "$(DEVELOPER_SDK_DIR)/MacOSX10.4u.sdk";
			};
			name = "Release-10.3.9";
		};
/* End XCBuildConfiguration section */

/* Begin XCConfigurationList section */
		108CB67513DB7BE200AD6C02 /* Build configuration list for PBXNativeTarget "osx-pl2303-10.7-universal" */ = {
			isa = XCConfigurationList;
			buildConfigurations = (
				108CB67613DB7BE200AD6C02 /* Debug */,
				108CB67713DB7BE200AD6C02 /* Release-10.6-universal */,
				108CB67D13DB7F9C00AD6C02 /* Release-10.7-universal */,
				108CB67813DB7BE200AD6C02 /* Release-10.4-universal */,
				108CB67913DB7BE200AD6C02 /* Release-10.3.9 */,
			);
			defaultConfigurationIsVisible = 0;
			defaultConfigurationName = "Release-10.7-universal";
		};
		1DEB91D908733DB10010E9CD /* Build configuration list for PBXNativeTarget "osx-pl2303-10.4-universal" */ = {
			isa = XCConfigurationList;
			buildConfigurations = (
				1DEB91DA08733DB10010E9CD /* Debug */,
				86D61F77112ADD8B006B2103 /* Release-10.6-universal */,
				108CB67F13DB7F9C00AD6C02 /* Release-10.7-universal */,
				1DEB91DB08733DB10010E9CD /* Release-10.4-universal */,
				90FB12C70A3AE90D00C1B579 /* Release-10.3.9 */,
			);
			defaultConfigurationIsVisible = 0;
			defaultConfigurationName = "Release-10.7-universal";
		};
		1DEB91DD08733DB10010E9CD /* Build configuration list for PBXProject "osx-pl2303" */ = {
			isa = XCConfigurationList;
			buildConfigurations = (
				1DEB91DE08733DB10010E9CD /* Debug */,
				86D61F75112ADD8B006B2103 /* Release-10.6-universal */,
				108CB67C13DB7F9C00AD6C02 /* Release-10.7-universal */,
				1DEB91DF08733DB10010E9CD /* Release-10.4-universal */,
				90FB12C90A3AE90D00C1B579 /* Release-10.3.9 */,
			);
			defaultConfigurationIsVisible = 0;
			defaultConfigurationName = "Release-10.7-universal";
		};
		86D61F43112ADA40006B2103 /* Build configuration list for PBXNativeTarget "osx-pl2303-10.6-universal" */ = {
			isa = XCConfigurationList;
			buildConfigurations = (
				86D61F44112ADA40006B2103 /* Debug */,
				86D61F76112ADD8B006B2103 /* Release-10.6-universal */,
				108CB67E13DB7F9C00AD6C02 /* Release-10.7-universal */,
				86D61F45112ADA40006B2103 /* Release-10.4-universal */,
				86D61F46112ADA40006B2103 /* Release-10.3.9 */,
			);
			defaultConfigurationIsVisible = 0;
			defaultConfigurationName = "Release-10.7-universal";
		};
/* End XCConfigurationList section */
	};
	rootObject = 089C1669FE841209C02AAC07 /* Project object */;
}
